
Microsoft Visual Studio Solution File, Format Version 12.00
# Visual Studio Version 17
VisualStudioVersion = 17.10.35013.160
MinimumVisualStudioVersion = 10.0.40219.1
Project("{8BC9CEB8-8B4A-11D0-8D11-00A0C91BC942}") = "Ex01_HelloWorld", "Ex01_HelloWorld\Ex01_HelloWorld.vcxproj", "{AF9361C8-5E38-40FE-B102-850A6D310EB4}"
EndProject
Project("{8BC9CEB8-8B4A-11D0-8D11-00A0C91BC942}") = "Ex02_DataTypes", "Ex02_DataTypes\Ex02_DataTypes.vcxproj", "{AD0AFB03-72F9-411B-970C-AC4A14284087}"
EndProject
Global
	GlobalSection(SolutionConfigurationPlatforms) = preSolution
		Debug|x64 = Debug|x64
		Debug|x86 = Debug|x86
		Release|x64 = Release|x64
		Release|x86 = Release|x86
	EndGlobalSection
	GlobalSection(ProjectConfigurationPlatforms) = postSolution
		{AF9361C8-5E38-40FE-B102-850A6D310EB4}.Debug|x64.ActiveCfg = Debug|x64
		{AF9361C8-5E38-40FE-B102-850A6D310EB4}.Debug|x64.Build.0 = Debug|x64
		{AF9361C8-5E38-40FE-B102-850A6D310EB4}.Debug|x86.ActiveCfg = Debug|Win32
		{AF9361C8-5E38-40FE-B102-850A6D310EB4}.Debug|x86.Build.0 = Debug|Win32
		{AF9361C8-5E38-40FE-B102-850A6D310EB4}.Release|x64.ActiveCfg = Release|x64
		{AF9361C8-5E38-40FE-B102-850A6D310EB4}.Release|x64.Build.0 = Release|x64
		{AF9361C8-5E38-40FE-B102-850A6D310EB4}.Release|x86.ActiveCfg = Release|Win32
		{AF9361C8-5E38-40FE-B102-850A6D310EB4}.Release|x86.Build.0 = Release|Win32
		{AD0AFB03-72F9-411B-970C-AC4A14284087}.Debug|x64.ActiveCfg = Debug|x64
		{AD0AFB03-72F9-411B-970C-AC4A14284087}.Debug|x64.Build.0 = Debug|x64
		{AD0AFB03-72F9-411B-970C-AC4A14284087}.Debug|x86.ActiveCfg = Debug|Win32
		{AD0AFB03-72F9-411B-970C-AC4A14284087}.Debug|x86.Build.0 = Debug|Win32
		{AD0AFB03-72F9-411B-970C-AC4A14284087}.Release|x64.ActiveCfg = Release|x64
		{AD0AFB03-72F9-411B-970C-AC4A14284087}.Release|x64.Build.0 = Release|x64
		{AD0AFB03-72F9-411B-970C-AC4A14284087}.Release|x86.ActiveCfg = Release|Win32
		{AD0AFB03-72F9-411B-970C-AC4A14284087}.Release|x86.Build.0 = Release|Win32
	EndGlobalSection
	GlobalSection(SolutionProperties) = preSolution
		HideSolutionNode = FALSE
	EndGlobalSection
	GlobalSection(ExtensibilityGlobals) = postSolution
		SolutionGuid = {F2E969B3-9FDC-4858-A32D-C52E5B39D42E}
	EndGlobalSection
EndGlobal
