
Microsoft Visual Studio Solution File, Format Version 12.00
# Visual Studio Version 17
VisualStudioVersion = 17.10.35013.160
MinimumVisualStudioVersion = 10.0.40219.1
Project("{8BC9CEB8-8B4A-11D0-8D11-00A0C91BC942}") = "Ex01_HelloWorld", "Ex01_HelloWorld\Ex01_HelloWorld.vcxproj", "{AF9361C8-5E38-40FE-B102-850A6D310EB4}"
EndProject
Project("{8BC9CEB8-8B4A-11D0-8D11-00A0C91BC942}") = "Ex02_DataTypes", "Ex02_DataTypes\Ex02_DataTypes.vcxproj", "{AD0AFB03-72F9-411B-970C-AC4A14284087}"
EndProject
Project("{8BC9CEB8-8B4A-11D0-8D11-00A0C91BC942}") = "Ex03_Array", "Ex03_Array\Ex03_Array.vcxproj", "{5B97691D-6AE9-4AE0-8A1B-00E864638118}"
EndProject
Project("{8BC9CEB8-8B4A-11D0-8D11-00A0C91BC942}") = "Ex04_InputOutput", "Ex04_InputOutput\Ex04_InputOutput.vcxproj", "{7253702B-75CA-41F0-B830-C78A66A34E85}"
EndProject
Project("{8BC9CEB8-8B4A-11D0-8D11-00A0C91BC942}") = "Ex05_Branching", "Ex05_Branching\Ex05_Branching.vcxproj", "{6C3CE1AB-EC37-47B4-9E2F-FE3744F7CA06}"
EndProject
Project("{8BC9CEB8-8B4A-11D0-8D11-00A0C91BC942}") = "Ex06_Iteration", "Ex06_Iteration\Ex06_Iteration.vcxproj", "{60D6DBCC-7B96-4307-B63C-1D4F993877D8}"
EndProject
Project("{8BC9CEB8-8B4A-11D0-8D11-00A0C91BC942}") = "Ex07_NumberGuess", "Ex07_NumberGuess\Ex07_NumberGuess.vcxproj", "{B831AC1B-81C2-4A7A-A8C1-0E79DCEFE579}"
EndProject
Project("{8BC9CEB8-8B4A-11D0-8D11-00A0C91BC942}") = "Ex08_Pointer", "Ex08_Pointer\Ex08_Pointer.vcxproj", "{9FFD9C33-9C9A-4A30-938B-F3EF54CA2BC5}"
EndProject
Project("{8BC9CEB8-8B4A-11D0-8D11-00A0C91BC942}") = "Ex09_Function", "Ex09_Function\Ex09_Function.vcxproj", "{E8A77991-FC60-4931-8027-9B71F32F938A}"
EndProject
Project("{8BC9CEB8-8B4A-11D0-8D11-00A0C91BC942}") = "Ex10_StringMatching", "Ex10_StringMatching\Ex10_StringMatching.vcxproj", "{B53FABDA-ACC6-4764-BD50-338F2CE005C2}"
EndProject
Project("{8BC9CEB8-8B4A-11D0-8D11-00A0C91BC942}") = "Ex11_DynamicAllocation", "Ex11_DynamicAllocation\Ex11_DynamicAllocation.vcxproj", "{CE49EB2F-63A2-4BF3-B394-688655C75E34}"
EndProject
Project("{8BC9CEB8-8B4A-11D0-8D11-00A0C91BC942}") = "Ex12_Structure", "Ex12_Structure\Ex12_Structure.vcxproj", "{E079724E-DF82-48D1-9B34-77899814F692}"
EndProject
Global
	GlobalSection(SolutionConfigurationPlatforms) = preSolution
		Debug|Any CPU = Debug|Any CPU
		Debug|x64 = Debug|x64
		Debug|x86 = Debug|x86
		Release|Any CPU = Release|Any CPU
		Release|x64 = Release|x64
		Release|x86 = Release|x86
	EndGlobalSection
	GlobalSection(ProjectConfigurationPlatforms) = postSolution
		{AF9361C8-5E38-40FE-B102-850A6D310EB4}.Debug|Any CPU.ActiveCfg = Debug|x64
		{AF9361C8-5E38-40FE-B102-850A6D310EB4}.Debug|Any CPU.Build.0 = Debug|x64
		{AF9361C8-5E38-40FE-B102-850A6D310EB4}.Debug|x64.ActiveCfg = Debug|x64
		{AF9361C8-5E38-40FE-B102-850A6D310EB4}.Debug|x64.Build.0 = Debug|x64
		{AF9361C8-5E38-40FE-B102-850A6D310EB4}.Debug|x86.ActiveCfg = Debug|Win32
		{AF9361C8-5E38-40FE-B102-850A6D310EB4}.Debug|x86.Build.0 = Debug|Win32
		{AF9361C8-5E38-40FE-B102-850A6D310EB4}.Release|Any CPU.ActiveCfg = Release|x64
		{AF9361C8-5E38-40FE-B102-850A6D310EB4}.Release|Any CPU.Build.0 = Release|x64
		{AF9361C8-5E38-40FE-B102-850A6D310EB4}.Release|x64.ActiveCfg = Release|x64
		{AF9361C8-5E38-40FE-B102-850A6D310EB4}.Release|x64.Build.0 = Release|x64
		{AF9361C8-5E38-40FE-B102-850A6D310EB4}.Release|x86.ActiveCfg = Release|Win32
		{AF9361C8-5E38-40FE-B102-850A6D310EB4}.Release|x86.Build.0 = Release|Win32
		{AD0AFB03-72F9-411B-970C-AC4A14284087}.Debug|Any CPU.ActiveCfg = Debug|x64
		{AD0AFB03-72F9-411B-970C-AC4A14284087}.Debug|Any CPU.Build.0 = Debug|x64
		{AD0AFB03-72F9-411B-970C-AC4A14284087}.Debug|x64.ActiveCfg = Debug|x64
		{AD0AFB03-72F9-411B-970C-AC4A14284087}.Debug|x64.Build.0 = Debug|x64
		{AD0AFB03-72F9-411B-970C-AC4A14284087}.Debug|x86.ActiveCfg = Debug|Win32
		{AD0AFB03-72F9-411B-970C-AC4A14284087}.Debug|x86.Build.0 = Debug|Win32
		{AD0AFB03-72F9-411B-970C-AC4A14284087}.Release|Any CPU.ActiveCfg = Release|x64
		{AD0AFB03-72F9-411B-970C-AC4A14284087}.Release|Any CPU.Build.0 = Release|x64
		{AD0AFB03-72F9-411B-970C-AC4A14284087}.Release|x64.ActiveCfg = Release|x64
		{AD0AFB03-72F9-411B-970C-AC4A14284087}.Release|x64.Build.0 = Release|x64
		{AD0AFB03-72F9-411B-970C-AC4A14284087}.Release|x86.ActiveCfg = Release|Win32
		{AD0AFB03-72F9-411B-970C-AC4A14284087}.Release|x86.Build.0 = Release|Win32
		{5B97691D-6AE9-4AE0-8A1B-00E864638118}.Debug|Any CPU.ActiveCfg = Debug|x64
		{5B97691D-6AE9-4AE0-8A1B-00E864638118}.Debug|Any CPU.Build.0 = Debug|x64
		{5B97691D-6AE9-4AE0-8A1B-00E864638118}.Debug|x64.ActiveCfg = Debug|x64
		{5B97691D-6AE9-4AE0-8A1B-00E864638118}.Debug|x64.Build.0 = Debug|x64
		{5B97691D-6AE9-4AE0-8A1B-00E864638118}.Debug|x86.ActiveCfg = Debug|Win32
		{5B97691D-6AE9-4AE0-8A1B-00E864638118}.Debug|x86.Build.0 = Debug|Win32
		{5B97691D-6AE9-4AE0-8A1B-00E864638118}.Release|Any CPU.ActiveCfg = Release|x64
		{5B97691D-6AE9-4AE0-8A1B-00E864638118}.Release|Any CPU.Build.0 = Release|x64
		{5B97691D-6AE9-4AE0-8A1B-00E864638118}.Release|x64.ActiveCfg = Release|x64
		{5B97691D-6AE9-4AE0-8A1B-00E864638118}.Release|x64.Build.0 = Release|x64
		{5B97691D-6AE9-4AE0-8A1B-00E864638118}.Release|x86.ActiveCfg = Release|Win32
		{5B97691D-6AE9-4AE0-8A1B-00E864638118}.Release|x86.Build.0 = Release|Win32
		{7253702B-75CA-41F0-B830-C78A66A34E85}.Debug|Any CPU.ActiveCfg = Debug|x64
		{7253702B-75CA-41F0-B830-C78A66A34E85}.Debug|Any CPU.Build.0 = Debug|x64
		{7253702B-75CA-41F0-B830-C78A66A34E85}.Debug|x64.ActiveCfg = Debug|x64
		{7253702B-75CA-41F0-B830-C78A66A34E85}.Debug|x64.Build.0 = Debug|x64
		{7253702B-75CA-41F0-B830-C78A66A34E85}.Debug|x86.ActiveCfg = Debug|Win32
		{7253702B-75CA-41F0-B830-C78A66A34E85}.Debug|x86.Build.0 = Debug|Win32
		{7253702B-75CA-41F0-B830-C78A66A34E85}.Release|Any CPU.ActiveCfg = Release|x64
		{7253702B-75CA-41F0-B830-C78A66A34E85}.Release|Any CPU.Build.0 = Release|x64
		{7253702B-75CA-41F0-B830-C78A66A34E85}.Release|x64.ActiveCfg = Release|x64
		{7253702B-75CA-41F0-B830-C78A66A34E85}.Release|x64.Build.0 = Release|x64
		{7253702B-75CA-41F0-B830-C78A66A34E85}.Release|x86.ActiveCfg = Release|Win32
		{7253702B-75CA-41F0-B830-C78A66A34E85}.Release|x86.Build.0 = Release|Win32
		{6C3CE1AB-EC37-47B4-9E2F-FE3744F7CA06}.Debug|Any CPU.ActiveCfg = Debug|x64
		{6C3CE1AB-EC37-47B4-9E2F-FE3744F7CA06}.Debug|Any CPU.Build.0 = Debug|x64
		{6C3CE1AB-EC37-47B4-9E2F-FE3744F7CA06}.Debug|x64.ActiveCfg = Debug|x64
		{6C3CE1AB-EC37-47B4-9E2F-FE3744F7CA06}.Debug|x64.Build.0 = Debug|x64
		{6C3CE1AB-EC37-47B4-9E2F-FE3744F7CA06}.Debug|x86.ActiveCfg = Debug|Win32
		{6C3CE1AB-EC37-47B4-9E2F-FE3744F7CA06}.Debug|x86.Build.0 = Debug|Win32
		{6C3CE1AB-EC37-47B4-9E2F-FE3744F7CA06}.Release|Any CPU.ActiveCfg = Release|x64
		{6C3CE1AB-EC37-47B4-9E2F-FE3744F7CA06}.Release|Any CPU.Build.0 = Release|x64
		{6C3CE1AB-EC37-47B4-9E2F-FE3744F7CA06}.Release|x64.ActiveCfg = Release|x64
		{6C3CE1AB-EC37-47B4-9E2F-FE3744F7CA06}.Release|x64.Build.0 = Release|x64
		{6C3CE1AB-EC37-47B4-9E2F-FE3744F7CA06}.Release|x86.ActiveCfg = Release|Win32
		{6C3CE1AB-EC37-47B4-9E2F-FE3744F7CA06}.Release|x86.Build.0 = Release|Win32
		{60D6DBCC-7B96-4307-B63C-1D4F993877D8}.Debug|Any CPU.ActiveCfg = Debug|x64
		{60D6DBCC-7B96-4307-B63C-1D4F993877D8}.Debug|Any CPU.Build.0 = Debug|x64
		{60D6DBCC-7B96-4307-B63C-1D4F993877D8}.Debug|x64.ActiveCfg = Debug|x64
		{60D6DBCC-7B96-4307-B63C-1D4F993877D8}.Debug|x64.Build.0 = Debug|x64
		{60D6DBCC-7B96-4307-B63C-1D4F993877D8}.Debug|x86.ActiveCfg = Debug|Win32
		{60D6DBCC-7B96-4307-B63C-1D4F993877D8}.Debug|x86.Build.0 = Debug|Win32
		{60D6DBCC-7B96-4307-B63C-1D4F993877D8}.Release|Any CPU.ActiveCfg = Release|x64
		{60D6DBCC-7B96-4307-B63C-1D4F993877D8}.Release|Any CPU.Build.0 = Release|x64
		{60D6DBCC-7B96-4307-B63C-1D4F993877D8}.Release|x64.ActiveCfg = Release|x64
		{60D6DBCC-7B96-4307-B63C-1D4F993877D8}.Release|x64.Build.0 = Release|x64
		{60D6DBCC-7B96-4307-B63C-1D4F993877D8}.Release|x86.ActiveCfg = Release|Win32
		{60D6DBCC-7B96-4307-B63C-1D4F993877D8}.Release|x86.Build.0 = Release|Win32
		{B831AC1B-81C2-4A7A-A8C1-0E79DCEFE579}.Debug|Any CPU.ActiveCfg = Debug|x64
		{B831AC1B-81C2-4A7A-A8C1-0E79DCEFE579}.Debug|Any CPU.Build.0 = Debug|x64
		{B831AC1B-81C2-4A7A-A8C1-0E79DCEFE579}.Debug|x64.ActiveCfg = Debug|x64
		{B831AC1B-81C2-4A7A-A8C1-0E79DCEFE579}.Debug|x64.Build.0 = Debug|x64
		{B831AC1B-81C2-4A7A-A8C1-0E79DCEFE579}.Debug|x86.ActiveCfg = Debug|Win32
		{B831AC1B-81C2-4A7A-A8C1-0E79DCEFE579}.Debug|x86.Build.0 = Debug|Win32
		{B831AC1B-81C2-4A7A-A8C1-0E79DCEFE579}.Release|Any CPU.ActiveCfg = Release|x64
		{B831AC1B-81C2-4A7A-A8C1-0E79DCEFE579}.Release|Any CPU.Build.0 = Release|x64
		{B831AC1B-81C2-4A7A-A8C1-0E79DCEFE579}.Release|x64.ActiveCfg = Release|x64
		{B831AC1B-81C2-4A7A-A8C1-0E79DCEFE579}.Release|x64.Build.0 = Release|x64
		{B831AC1B-81C2-4A7A-A8C1-0E79DCEFE579}.Release|x86.ActiveCfg = Release|Win32
		{B831AC1B-81C2-4A7A-A8C1-0E79DCEFE579}.Release|x86.Build.0 = Release|Win32
		{9FFD9C33-9C9A-4A30-938B-F3EF54CA2BC5}.Debug|Any CPU.ActiveCfg = Debug|x64
		{9FFD9C33-9C9A-4A30-938B-F3EF54CA2BC5}.Debug|Any CPU.Build.0 = Debug|x64
		{9FFD9C33-9C9A-4A30-938B-F3EF54CA2BC5}.Debug|x64.ActiveCfg = Debug|x64
		{9FFD9C33-9C9A-4A30-938B-F3EF54CA2BC5}.Debug|x64.Build.0 = Debug|x64
		{9FFD9C33-9C9A-4A30-938B-F3EF54CA2BC5}.Debug|x86.ActiveCfg = Debug|Win32
		{9FFD9C33-9C9A-4A30-938B-F3EF54CA2BC5}.Debug|x86.Build.0 = Debug|Win32
		{9FFD9C33-9C9A-4A30-938B-F3EF54CA2BC5}.Release|Any CPU.ActiveCfg = Release|x64
		{9FFD9C33-9C9A-4A30-938B-F3EF54CA2BC5}.Release|Any CPU.Build.0 = Release|x64
		{9FFD9C33-9C9A-4A30-938B-F3EF54CA2BC5}.Release|x64.ActiveCfg = Release|x64
		{9FFD9C33-9C9A-4A30-938B-F3EF54CA2BC5}.Release|x64.Build.0 = Release|x64
		{9FFD9C33-9C9A-4A30-938B-F3EF54CA2BC5}.Release|x86.ActiveCfg = Release|Win32
		{9FFD9C33-9C9A-4A30-938B-F3EF54CA2BC5}.Release|x86.Build.0 = Release|Win32
		{E8A77991-FC60-4931-8027-9B71F32F938A}.Debug|Any CPU.ActiveCfg = Debug|x64
		{E8A77991-FC60-4931-8027-9B71F32F938A}.Debug|Any CPU.Build.0 = Debug|x64
		{E8A77991-FC60-4931-8027-9B71F32F938A}.Debug|x64.ActiveCfg = Debug|x64
		{E8A77991-FC60-4931-8027-9B71F32F938A}.Debug|x64.Build.0 = Debug|x64
		{E8A77991-FC60-4931-8027-9B71F32F938A}.Debug|x86.ActiveCfg = Debug|Win32
		{E8A77991-FC60-4931-8027-9B71F32F938A}.Debug|x86.Build.0 = Debug|Win32
		{E8A77991-FC60-4931-8027-9B71F32F938A}.Release|Any CPU.ActiveCfg = Release|x64
		{E8A77991-FC60-4931-8027-9B71F32F938A}.Release|Any CPU.Build.0 = Release|x64
		{E8A77991-FC60-4931-8027-9B71F32F938A}.Release|x64.ActiveCfg = Release|x64
		{E8A77991-FC60-4931-8027-9B71F32F938A}.Release|x64.Build.0 = Release|x64
		{E8A77991-FC60-4931-8027-9B71F32F938A}.Release|x86.ActiveCfg = Release|Win32
		{E8A77991-FC60-4931-8027-9B71F32F938A}.Release|x86.Build.0 = Release|Win32
		{B53FABDA-ACC6-4764-BD50-338F2CE005C2}.Debug|Any CPU.ActiveCfg = Debug|x64
		{B53FABDA-ACC6-4764-BD50-338F2CE005C2}.Debug|Any CPU.Build.0 = Debug|x64
		{B53FABDA-ACC6-4764-BD50-338F2CE005C2}.Debug|x64.ActiveCfg = Debug|x64
		{B53FABDA-ACC6-4764-BD50-338F2CE005C2}.Debug|x64.Build.0 = Debug|x64
		{B53FABDA-ACC6-4764-BD50-338F2CE005C2}.Debug|x86.ActiveCfg = Debug|Win32
		{B53FABDA-ACC6-4764-BD50-338F2CE005C2}.Debug|x86.Build.0 = Debug|Win32
		{B53FABDA-ACC6-4764-BD50-338F2CE005C2}.Release|Any CPU.ActiveCfg = Release|x64
		{B53FABDA-ACC6-4764-BD50-338F2CE005C2}.Release|Any CPU.Build.0 = Release|x64
		{B53FABDA-ACC6-4764-BD50-338F2CE005C2}.Release|x64.ActiveCfg = Release|x64
		{B53FABDA-ACC6-4764-BD50-338F2CE005C2}.Release|x64.Build.0 = Release|x64
		{B53FABDA-ACC6-4764-BD50-338F2CE005C2}.Release|x86.ActiveCfg = Release|Win32
		{B53FABDA-ACC6-4764-BD50-338F2CE005C2}.Release|x86.Build.0 = Release|Win32
		{CE49EB2F-63A2-4BF3-B394-688655C75E34}.Debug|Any CPU.ActiveCfg = Debug|x64
		{CE49EB2F-63A2-4BF3-B394-688655C75E34}.Debug|Any CPU.Build.0 = Debug|x64
		{CE49EB2F-63A2-4BF3-B394-688655C75E34}.Debug|x64.ActiveCfg = Debug|x64
		{CE49EB2F-63A2-4BF3-B394-688655C75E34}.Debug|x64.Build.0 = Debug|x64
		{CE49EB2F-63A2-4BF3-B394-688655C75E34}.Debug|x86.ActiveCfg = Debug|Win32
		{CE49EB2F-63A2-4BF3-B394-688655C75E34}.Debug|x86.Build.0 = Debug|Win32
		{CE49EB2F-63A2-4BF3-B394-688655C75E34}.Release|Any CPU.ActiveCfg = Release|x64
		{CE49EB2F-63A2-4BF3-B394-688655C75E34}.Release|Any CPU.Build.0 = Release|x64
		{CE49EB2F-63A2-4BF3-B394-688655C75E34}.Release|x64.ActiveCfg = Release|x64
		{CE49EB2F-63A2-4BF3-B394-688655C75E34}.Release|x64.Build.0 = Release|x64
		{CE49EB2F-63A2-4BF3-B394-688655C75E34}.Release|x86.ActiveCfg = Release|Win32
		{CE49EB2F-63A2-4BF3-B394-688655C75E34}.Release|x86.Build.0 = Release|Win32
		{E079724E-DF82-48D1-9B34-77899814F692}.Debug|Any CPU.ActiveCfg = Debug|x64
		{E079724E-DF82-48D1-9B34-77899814F692}.Debug|Any CPU.Build.0 = Debug|x64
		{E079724E-DF82-48D1-9B34-77899814F692}.Debug|x64.ActiveCfg = Debug|x64
		{E079724E-DF82-48D1-9B34-77899814F692}.Debug|x64.Build.0 = Debug|x64
		{E079724E-DF82-48D1-9B34-77899814F692}.Debug|x86.ActiveCfg = Debug|Win32
		{E079724E-DF82-48D1-9B34-77899814F692}.Debug|x86.Build.0 = Debug|Win32
		{E079724E-DF82-48D1-9B34-77899814F692}.Release|Any CPU.ActiveCfg = Release|x64
		{E079724E-DF82-48D1-9B34-77899814F692}.Release|Any CPU.Build.0 = Release|x64
		{E079724E-DF82-48D1-9B34-77899814F692}.Release|x64.ActiveCfg = Release|x64
		{E079724E-DF82-48D1-9B34-77899814F692}.Release|x64.Build.0 = Release|x64
		{E079724E-DF82-48D1-9B34-77899814F692}.Release|x86.ActiveCfg = Release|Win32
		{E079724E-DF82-48D1-9B34-77899814F692}.Release|x86.Build.0 = Release|Win32
	EndGlobalSection
	GlobalSection(SolutionProperties) = preSolution
		HideSolutionNode = FALSE
	EndGlobalSection
	GlobalSection(ExtensibilityGlobals) = postSolution
		SolutionGuid = {F2E969B3-9FDC-4858-A32D-C52E5B39D42E}
	EndGlobalSection
EndGlobal
